
Microsoft Visual Studio Solution File, Format Version 12.00
# Visual Studio Version 17
VisualStudioVersion = 17.7.33913.275
MinimumVisualStudioVersion = 10.0.40219.1
Project("{9A19103F-16F7-4668-BE54-9A1E7A4F7556}") = "RazorPagesToDo", "RazorPagesToDo.csproj", "{AF6E8DD5-98C5-4ABF-A990-1B0232352CB0}"
EndProject
Project("{2150E333-8FDC-42A3-9474-1A3956D46DE8}") = "Solution Items", "Solution Items", "{8D2EF343-5123-4B5C-B7D0-9D4BAFB99F59}"
	ProjectSection(SolutionItems) = preProject
		README.md = README.md
	EndProjectSection
EndProject
Global
	GlobalSection(SolutionConfigurationPlatforms) = preSolution
		Debug|Any CPU = Debug|Any CPU
		Release|Any CPU = Release|Any CPU
	EndGlobalSection
	GlobalSection(ProjectConfigurationPlatforms) = postSolution
		{AF6E8DD5-98C5-4ABF-A990-1B0232352CB0}.Debug|Any CPU.ActiveCfg = Debug|Any CPU
		{AF6E8DD5-98C5-4ABF-A990-1B0232352CB0}.Debug|Any CPU.Build.0 = Debug|Any CPU
		{AF6E8DD5-98C5-4ABF-A990-1B0232352CB0}.Release|Any CPU.ActiveCfg = Release|Any CPU
		{AF6E8DD5-98C5-4ABF-A990-1B0232352CB0}.Release|Any CPU.Build.0 = Release|Any CPU
	EndGlobalSection
	GlobalSection(SolutionProperties) = preSolution
		HideSolutionNode = FALSE
	EndGlobalSection
	GlobalSection(ExtensibilityGlobals) = postSolution
		SolutionGuid = {2F93B176-07F8-4803-955F-664EE7F856C7}
	EndGlobalSection
EndGlobal
